// !$*UTF8*$!
{
	archiveVersion = 1;
	classes = {
	};
	objectVersion = 48;
	objects = {

/* Begin PBXBuildFile section */
		54AD4CF51F945DDF00D99B8A /* AppDelegate.swift in Sources */ = {isa = PBXBuildFile; fileRef = 54AD4CF41F945DDF00D99B8A /* AppDelegate.swift */; };
		54AD4CF71F945DDF00D99B8A /* ViewController.swift in Sources */ = {isa = PBXBuildFile; fileRef = 54AD4CF61F945DDF00D99B8A /* ViewController.swift */; };
		54AD4CFA1F945DDF00D99B8A /* Main.storyboard in Resources */ = {isa = PBXBuildFile; fileRef = 54AD4CF81F945DDF00D99B8A /* Main.storyboard */; };
		54AD4CFC1F945DDF00D99B8A /* Assets.xcassets in Resources */ = {isa = PBXBuildFile; fileRef = 54AD4CFB1F945DDF00D99B8A /* Assets.xcassets */; };
		54AD4CFF1F945DDF00D99B8A /* LaunchScreen.storyboard in Resources */ = {isa = PBXBuildFile; fileRef = 54AD4CFD1F945DDF00D99B8A /* LaunchScreen.storyboard */; };
/* End PBXBuildFile section */

/* Begin PBXFileReference section */
		54AD4CF11F945DDF00D99B8A /* ThreeCardMonteV2.app */ = {isa = PBXFileReference; explicitFileType = wrapper.application; includeInIndex = 0; path = ThreeCardMonteV2.app; sourceTree = BUILT_PRODUCTS_DIR; };
		54AD4CF41F945DDF00D99B8A /* AppDelegate.swift */ = {isa = PBXFileReference; lastKnownFileType = sourcecode.swift; path = AppDelegate.swift; sourceTree = "<group>"; };
		54AD4CF61F945DDF00D99B8A /* ViewController.swift */ = {isa = PBXFileReference; lastKnownFileType = sourcecode.swift; path = ViewController.swift; sourceTree = "<group>"; };
		54AD4CF91F945DDF00D99B8A /* Base */ = {isa = PBXFileReference; lastKnownFileType = file.storyboard; name = Base; path = Base.lproj/Main.storyboard; sourceTree = "<group>"; };
		54AD4CFB1F945DDF00D99B8A /* Assets.xcassets */ = {isa = PBXFileReference; lastKnownFileType = folder.assetcatalog; path = Assets.xcassets; sourceTree = "<group>"; };
		54AD4CFE1F945DDF00D99B8A /* Base */ = {isa = PBXFileReference; lastKnownFileType = file.storyboard; name = Base; path = Base.lproj/LaunchScreen.storyboard; sourceTree = "<group>"; };
		54AD4D001F945DDF00D99B8A /* Info.plist */ = {isa = PBXFileReference; lastKnownFileType = text.plist.xml; path = Info.plist; sourceTree = "<group>"; };
/* End PBXFileReference section */

/* Begin PBXFrameworksBuildPhase section */
		54AD4CEE1F945DDF00D99B8A /* Frameworks */ = {
			isa = PBXFrameworksBuildPhase;
			buildActionMask = 2147483647;
			files = (
			);
			runOnlyForDeploymentPostprocessing = 0;
		};
/* End PBXFrameworksBuildPhase section */

/* Begin PBXGroup section */
		54AD4CE81F945DDF00D99B8A = {
			isa = PBXGroup;
			children = (
				54AD4CF31F945DDF00D99B8A /* ThreeCardMonteV2 */,
				54AD4CF21F945DDF00D99B8A /* Products */,
			);
			sourceTree = "<group>";
		};
		54AD4CF21F945DDF00D99B8A /* Products */ = {
			isa = PBXGroup;
			children = (
				54AD4CF11F945DDF00D99B8A /* ThreeCardMonteV2.app */,
			);
			name = Products;
			sourceTree = "<group>";
		};
		54AD4CF31F945DDF00D99B8A /* ThreeCardMonteV2 */ = {
			isa = PBXGroup;
			children = (
				54AD4D061F945E0100D99B8A /* Supporting Files */,
				54AD4CF61F945DDF00D99B8A /* ViewController.swift */,
				54AD4CF81F945DDF00D99B8A /* Main.storyboard */,
				54AD4CFB1F945DDF00D99B8A /* Assets.xcassets */,
				54AD4D001F945DDF00D99B8A /* Info.plist */,
			);
			path = ThreeCardMonteV2;
			sourceTree = "<group>";
		};
		54AD4D061F945E0100D99B8A /* Supporting Files */ = {
			isa = PBXGroup;
			children = (
				54AD4CF41F945DDF00D99B8A /* AppDelegate.swift */,
				54AD4CFD1F945DDF00D99B8A /* LaunchScreen.storyboard */,
			);
			path = "Supporting Files";
			sourceTree = "<group>";
		};
/* End PBXGroup section */

/* Begin PBXNativeTarget section */
		54AD4CF01F945DDF00D99B8A /* ThreeCardMonteV2 */ = {
			isa = PBXNativeTarget;
			buildConfigurationList = 54AD4D031F945DDF00D99B8A /* Build configuration list for PBXNativeTarget "ThreeCardMonteV2" */;
			buildPhases = (
				54AD4CED1F945DDF00D99B8A /* Sources */,
				54AD4CEE1F945DDF00D99B8A /* Frameworks */,
				54AD4CEF1F945DDF00D99B8A /* Resources */,
			);
			buildRules = (
			);
			dependencies = (
			);
			name = ThreeCardMonteV2;
			productName = ThreeCardMonteV2;
			productReference = 54AD4CF11F945DDF00D99B8A /* ThreeCardMonteV2.app */;
			productType = "com.apple.product-type.application";
		};
/* End PBXNativeTarget section */

/* Begin PBXProject section */
		54AD4CE91F945DDF00D99B8A /* Project object */ = {
			isa = PBXProject;
			attributes = {
				LastSwiftUpdateCheck = 0900;
				LastUpgradeCheck = 0900;
				ORGANIZATIONNAME = "C4Q ";
				TargetAttributes = {
					54AD4CF01F945DDF00D99B8A = {
						CreatedOnToolsVersion = 9.0;
						ProvisioningStyle = Automatic;
					};
				};
			};
			buildConfigurationList = 54AD4CEC1F945DDF00D99B8A /* Build configuration list for PBXProject "ThreeCardMonteV2" */;
			compatibilityVersion = "Xcode 8.0";
			developmentRegion = en;
			hasScannedForEncodings = 0;
			knownRegions = (
				en,
				Base,
			);
			mainGroup = 54AD4CE81F945DDF00D99B8A;
			productRefGroup = 54AD4CF21F945DDF00D99B8A /* Products */;
			projectDirPath = "";
			projectRoot = "";
			targets = (
				54AD4CF01F945DDF00D99B8A /* ThreeCardMonteV2 */,
			);
		};
/* End PBXProject section */

/* Begin PBXResourcesBuildPhase section */
		54AD4CEF1F945DDF00D99B8A /* Resources */ = {
			isa = PBXResourcesBuildPhase;
			buildActionMask = 2147483647;
			files = (
				54AD4CFF1F945DDF00D99B8A /* LaunchScreen.storyboard in Resources */,
				54AD4CFC1F945DDF00D99B8A /* Assets.xcassets in Resources */,
				54AD4CFA1F945DDF00D99B8A /* Main.storyboard in Resources */,
			);
			runOnlyForDeploymentPostprocessing = 0;
		};
/* End PBXResourcesBuildPhase section */

/* Begin PBXSourcesBuildPhase section */
		54AD4CED1F945DDF00D99B8A /* Sources */ = {
			isa = PBXSourcesBuildPhase;
			buildActionMask = 2147483647;
			files = (
				54AD4CF71F945DDF00D99B8A /* ViewController.swift in Sources */,
				54AD4CF51F945DDF00D99B8A /* AppDelegate.swift in Sources */,
			);
			runOnlyForDeploymentPostprocessing = 0;
		};
/* End PBXSourcesBuildPhase section */

/* Begin PBXVariantGroup section */
		54AD4CF81F945DDF00D99B8A /* Main.storyboard */ = {
			isa = PBXVariantGroup;
			children = (
				54AD4CF91F945DDF00D99B8A /* Base */,
			);
			name = Main.storyboard;
			sourceTree = "<group>";
		};
		54AD4CFD1F945DDF00D99B8A /* LaunchScreen.storyboard */ = {
			isa = PBXVariantGroup;
			children = (
				54AD4CFE1F945DDF00D99B8A /* Base */,
			);
			name = LaunchScreen.storyboard;
			sourceTree = "<group>";
		};
/* End PBXVariantGroup section */

/* Begin XCBuildConfiguration section */
		54AD4D011F945DDF00D99B8A /* Debug */ = {
			isa = XCBuildConfiguration;
			buildSettings = {
				ALWAYS_SEARCH_USER_PATHS = NO;
				CLANG_ANALYZER_NONNULL = YES;
				CLANG_ANALYZER_NUMBER_OBJECT_CONVERSION = YES_AGGRESSIVE;
				CLANG_CXX_LANGUAGE_STANDARD = "gnu++14";
				CLANG_CXX_LIBRARY = "libc++";
				CLANG_ENABLE_MODULES = YES;
				CLANG_ENABLE_OBJC_ARC = YES;
				CLANG_WARN_BLOCK_CAPTURE_AUTORELEASING = YES;
				CLANG_WARN_BOOL_CONVERSION = YES;
				CLANG_WARN_COMMA = YES;
				CLANG_WARN_CONSTANT_CONVERSION = YES;
				CLANG_WARN_DIRECT_OBJC_ISA_USAGE = YES_ERROR;
				CLANG_WARN_DOCUMENTATION_COMMENTS = YES;
				CLANG_WARN_EMPTY_BODY = YES;
				CLANG_WARN_ENUM_CONVERSION = YES;
				CLANG_WARN_INFINITE_RECURSION = YES;
				CLANG_WARN_INT_CONVERSION = YES;
				CLANG_WARN_NON_LITERAL_NULL_CONVERSION = YES;
				CLANG_WARN_OBJC_LITERAL_CONVERSION = YES;
				CLANG_WARN_OBJC_ROOT_CLASS = YES_ERROR;
				CLANG_WARN_RANGE_LOOP_ANALYSIS = YES;
				CLANG_WARN_STRICT_PROTOTYPES = YES;
				CLANG_WARN_SUSPICIOUS_MOVE = YES;
				CLANG_WARN_UNGUARDED_AVAILABILITY = YES_AGGRESSIVE;
				CLANG_WARN_UNREACHABLE_CODE = YES;
				CLANG_WARN__DUPLICATE_METHOD_MATCH = YES;
				CODE_SIGN_IDENTITY = "iPhone Developer";
				COPY_PHASE_STRIP = NO;
				DEBUG_INFORMATION_FORMAT = dwarf;
				ENABLE_STRICT_OBJC_MSGSEND = YES;
				ENABLE_TESTABILITY = YES;
				GCC_C_LANGUAGE_STANDARD = gnu11;
				GCC_DYNAMIC_NO_PIC = NO;
				GCC_NO_COMMON_BLOCKS = YES;
				GCC_OPTIMIZATION_LEVEL = 0;
				GCC_PREPROCESSOR_DEFINITIONS = (
					"DEBUG=1",
					"$(inherited)",
				);
				GCC_WARN_64_TO_32_BIT_CONVERSION = YES;
				GCC_WARN_ABOUT_RETURN_TYPE = YES_ERROR;
				GCC_WARN_UNDECLARED_SELECTOR = YES;
				GCC_WARN_UNINITIALIZED_AUTOS = YES_AGGRESSIVE;
				GCC_WARN_UNUSED_FUNCTION = YES;
				GCC_WARN_UNUSED_VARIABLE = YES;
				IPHONEOS_DEPLOYMENT_TARGET = 11.0;
				MTL_ENABLE_DEBUG_INFO = YES;
				ONLY_ACTIVE_ARCH = YES;
				SDKROOT = iphoneos;
				SWIFT_ACTIVE_COMPILATION_CONDITIONS = DEBUG;
				SWIFT_OPTIMIZATION_LEVEL = "-Onone";
			};
			name = Debug;
		};
		54AD4D021F945DDF00D99B8A /* Release */ = {
			isa = XCBuildConfiguration;
			buildSettings = {
				ALWAYS_SEARCH_USER_PATHS = NO;
				CLANG_ANALYZER_NONNULL = YES;
				CLANG_ANALYZER_NUMBER_OBJECT_CONVERSION = YES_AGGRESSIVE;
				CLANG_CXX_LANGUAGE_STANDARD = "gnu++14";
				CLANG_CXX_LIBRARY = "libc++";
				CLANG_ENABLE_MODULES = YES;
				CLANG_ENABLE_OBJC_ARC = YES;
				CLANG_WARN_BLOCK_CAPTURE_AUTORELEASING = YES;
				CLANG_WARN_BOOL_CONVERSION = YES;
				CLANG_WARN_COMMA = YES;
				CLANG_WARN_CONSTANT_CONVERSION = YES;
				CLANG_WARN_DIRECT_OBJC_ISA_USAGE = YES_ERROR;
				CLANG_WARN_DOCUMENTATION_COMMENTS = YES;
				CLANG_WARN_EMPTY_BODY = YES;
				CLANG_WARN_ENUM_CONVERSION = YES;
				CLANG_WARN_INFINITE_RECURSION = YES;
				CLANG_WARN_INT_CONVERSION = YES;
				CLANG_WARN_NON_LITERAL_NULL_CONVERSION = YES;
				CLANG_WARN_OBJC_LITERAL_CONVERSION = YES;
				CLANG_WARN_OBJC_ROOT_CLASS = YES_ERROR;
				CLANG_WARN_RANGE_LOOP_ANALYSIS = YES;
				CLANG_WARN_STRICT_PROTOTYPES = YES;
				CLANG_WARN_SUSPICIOUS_MOVE = YES;
				CLANG_WARN_UNGUARDED_AVAILABILITY = YES_AGGRESSIVE;
				CLANG_WARN_UNREACHABLE_CODE = YES;
				CLANG_WARN__DUPLICATE_METHOD_MATCH = YES;
				CODE_SIGN_IDENTITY = "iPhone Developer";
				COPY_PHASE_STRIP = NO;
				DEBUG_INFORMATION_FORMAT = "dwarf-with-dsym";
				ENABLE_NS_ASSERTIONS = NO;
				ENABLE_STRICT_OBJC_MSGSEND = YES;
				GCC_C_LANGUAGE_STANDARD = gnu11;
				GCC_NO_COMMON_BLOCKS = YES;
				GCC_WARN_64_TO_32_BIT_CONVERSION = YES;
				GCC_WARN_ABOUT_RETURN_TYPE = YES_ERROR;
				GCC_WARN_UNDECLARED_SELECTOR = YES;
				GCC_WARN_UNINITIALIZED_AUTOS = YES_AGGRESSIVE;
				GCC_WARN_UNUSED_FUNCTION = YES;
				GCC_WARN_UNUSED_VARIABLE = YES;
				IPHONEOS_DEPLOYMENT_TARGET = 11.0;
				MTL_ENABLE_DEBUG_INFO = NO;
				SDKROOT = iphoneos;
				SWIFT_OPTIMIZATION_LEVEL = "-Owholemodule";
				VALIDATE_PRODUCT = YES;
			};
			name = Release;
		};
		54AD4D041F945DDF00D99B8A /* Debug */ = {
			isa = XCBuildConfiguration;
			buildSettings = {
				ASSETCATALOG_COMPILER_APPICON_NAME = AppIcon;
				CODE_SIGN_STYLE = Automatic;
				INFOPLIST_FILE = ThreeCardMonteV2/Info.plist;
				LD_RUNPATH_SEARCH_PATHS = "$(inherited) @executable_path/Frameworks";
				PRODUCT_BUNDLE_IDENTIFIER = c4q.ThreeCardMonteV2;
				PRODUCT_NAME = "$(TARGET_NAME)";
				SWIFT_VERSION = 4.0;
				TARGETED_DEVICE_FAMILY = "1,2";
			};
			name = Debug;
		};
		54AD4D051F945DDF00D99B8A /* Release */ = {
			isa = XCBuildConfiguration;
			buildSettings = {
				ASSETCATALOG_COMPILER_APPICON_NAME = AppIcon;
				CODE_SIGN_STYLE = Automatic;
				INFOPLIST_FILE = ThreeCardMonteV2/Info.plist;
				LD_RUNPATH_SEARCH_PATHS = "$(inherited) @executable_path/Frameworks";
				PRODUCT_BUNDLE_IDENTIFIER = c4q.ThreeCardMonteV2;
				PRODUCT_NAME = "$(TARGET_NAME)";
				SWIFT_VERSION = 4.0;
				TARGETED_DEVICE_FAMILY = "1,2";
			};
			name = Release;
		};
/* End XCBuildConfiguration section */

/* Begin XCConfigurationList section */
		54AD4CEC1F945DDF00D99B8A /* Build configuration list for PBXProject "ThreeCardMonteV2" */ = {
			isa = XCConfigurationList;
			buildConfigurations = (
				54AD4D011F945DDF00D99B8A /* Debug */,
				54AD4D021F945DDF00D99B8A /* Release */,
			);
			defaultConfigurationIsVisible = 0;
			defaultConfigurationName = Release;
		};
		54AD4D031F945DDF00D99B8A /* Build configuration list for PBXNativeTarget "ThreeCardMonteV2" */ = {
			isa = XCConfigurationList;
			buildConfigurations = (
				54AD4D041F945DDF00D99B8A /* Debug */,
				54AD4D051F945DDF00D99B8A /* Release */,
			);
			defaultConfigurationIsVisible = 0;
			defaultConfigurationName = Release;
		};
/* End XCConfigurationList section */
	};
	rootObject = 54AD4CE91F945DDF00D99B8A /* Project object */;
}
